
Microsoft Visual Studio Solution File, Format Version 12.00
# Visual Studio 14
VisualStudioVersion = 14.0.24720.0
MinimumVisualStudioVersion = 10.0.40219.1
Project("{2150E333-8FDC-42A3-9474-1A3956D46DE8}") = "Data", "Data", "{D0AEE334-68D5-4E7F-B86B-D04D7CCEB746}"
EndProject
Project("{2150E333-8FDC-42A3-9474-1A3956D46DE8}") = "Web", "Web", "{FEA38B6B-6DE8-4902-987A-F66406E62286}"
EndProject
Project("{2150E333-8FDC-42A3-9474-1A3956D46DE8}") = "Services", "Services", "{D19AD646-21EA-47B6-A16A-9BDEDB9EBF6E}"
EndProject
Project("{2150E333-8FDC-42A3-9474-1A3956D46DE8}") = "Tests", "Tests", "{ECACE68B-2E1A-4711-8C11-A37553FD4B5B}"
EndProject
Project("{FAE04EC0-301F-11D3-BF4B-00C04F79EFBC}") = "EventSystem.Data", "Data\EventSystem.Data\EventSystem.Data.csproj", "{2A86FEA0-000E-4C4C-B539-67F8CDE6A22E}"
EndProject
Project("{FAE04EC0-301F-11D3-BF4B-00C04F79EFBC}") = "EventSystem.Models", "Data\EventSystem.Models\EventSystem.Models.csproj", "{525880E0-BF2B-48AB-993E-AB99CBEE8AA3}"
EndProject
Project("{FAE04EC0-301F-11D3-BF4B-00C04F79EFBC}") = "EventSystem.Services", "Services\EventSystem.Services\EventSystem.Services.csproj", "{90CE85A0-08AF-46CD-9FAD-52A0834E6627}"
EndProject
Project("{FAE04EC0-301F-11D3-BF4B-00C04F79EFBC}") = "EventSystem.Web", "Web\EventSystem.Web\EventSystem.Web.csproj", "{E719482F-EEC1-4C3D-933D-8DB91669A71C}"
EndProject
Project("{FAE04EC0-301F-11D3-BF4B-00C04F79EFBC}") = "EventSystem.Web.Controllers", "Web\EventSystem.Web.Controllers\EventSystem.Web.Controllers.csproj", "{E58BD594-7F4A-4E9C-8E0F-6248A3A102B6}"
EndProject
Project("{FAE04EC0-301F-11D3-BF4B-00C04F79EFBC}") = "EventSystem.Web.Models", "Web\EventSystem.Web.Models\EventSystem.Web.Models.csproj", "{E0B512C4-10DF-4431-B0F7-A48F91446AC3}"
EndProject
Project("{FAE04EC0-301F-11D3-BF4B-00C04F79EFBC}") = "EventSystem.Web.Infrastructure", "Web\EventSyslem.Web.Infrastructure\EventSystem.Web.Infrastructure.csproj", "{0603837D-C2CF-4F97-8981-C5E2E0A38836}"
EndProject
Project("{FAE04EC0-301F-11D3-BF4B-00C04F79EFBC}") = "EventSystem.Web.Areas.EventMaker.Controllers", "Web\EventSystem.Web.Areas.EventMaker.Controllers\EventSystem.Web.Areas.EventMaker.Controllers.csproj", "{75047E96-BFF8-4FE0-9CC9-E68A47661EE6}"
EndProject
Project("{FAE04EC0-301F-11D3-BF4B-00C04F79EFBC}") = "EventSystem.Data.Common", "Data\EventSystem.Data.Common\EventSystem.Data.Common.csproj", "{FEA5894D-B9F8-45DD-9B8B-0F77AFE7903F}"
EndProject
Project("{FAE04EC0-301F-11D3-BF4B-00C04F79EFBC}") = "EventSystem.Web.Config", "Web\EventSystem.Web.Config\EventSystem.Web.Config.csproj", "{483140E3-E7EF-4DCC-8CF1-9C4DC9004B6F}"
EndProject
Project("{FAE04EC0-301F-11D3-BF4B-00C04F79EFBC}") = "EventSystem.Services.Web", "Services\EventSystem.Services.Web\EventSystem.Services.Web.csproj", "{0EC84C81-24B7-42C2-B3AA-9AB19CF0C0A9}"
EndProject
Project("{FAE04EC0-301F-11D3-BF4B-00C04F79EFBC}") = "EventSystem.Web.Controllers.Tests", "Tests\EventSystem.Web.Controllers.Tests\EventSystem.Web.Controllers.Tests.csproj", "{5309D288-228B-4EE5-A1E3-9856B4033199}"
EndProject
Project("{FAE04EC0-301F-11D3-BF4B-00C04F79EFBC}") = "EventSystem.Web.Services.Tests", "Tests\EventSystem.Web.Services.Tests\EventSystem.Web.Services.Tests.csproj", "{024E0C8B-E778-4AAC-A221-21F46419A973}"
EndProject
Project("{FAE04EC0-301F-11D3-BF4B-00C04F79EFBC}") = "EventSystem.Web.Routes.Tests", "Tests\EventSystem.Web.Routes.Tests\EventSystem.Web.Routes.Tests.csproj", "{E8E90769-8A4E-4999-A62A-97A8B13A9C1C}"
EndProject
Global
	GlobalSection(SolutionConfigurationPlatforms) = preSolution
		Debug|Any CPU = Debug|Any CPU
		Release|Any CPU = Release|Any CPU
	EndGlobalSection
	GlobalSection(ProjectConfigurationPlatforms) = postSolution
		{2A86FEA0-000E-4C4C-B539-67F8CDE6A22E}.Debug|Any CPU.ActiveCfg = Debug|Any CPU
		{2A86FEA0-000E-4C4C-B539-67F8CDE6A22E}.Debug|Any CPU.Build.0 = Debug|Any CPU
		{2A86FEA0-000E-4C4C-B539-67F8CDE6A22E}.Release|Any CPU.ActiveCfg = Release|Any CPU
		{2A86FEA0-000E-4C4C-B539-67F8CDE6A22E}.Release|Any CPU.Build.0 = Release|Any CPU
		{525880E0-BF2B-48AB-993E-AB99CBEE8AA3}.Debug|Any CPU.ActiveCfg = Debug|Any CPU
		{525880E0-BF2B-48AB-993E-AB99CBEE8AA3}.Debug|Any CPU.Build.0 = Debug|Any CPU
		{525880E0-BF2B-48AB-993E-AB99CBEE8AA3}.Release|Any CPU.ActiveCfg = Release|Any CPU
		{525880E0-BF2B-48AB-993E-AB99CBEE8AA3}.Release|Any CPU.Build.0 = Release|Any CPU
		{90CE85A0-08AF-46CD-9FAD-52A0834E6627}.Debug|Any CPU.ActiveCfg = Debug|Any CPU
		{90CE85A0-08AF-46CD-9FAD-52A0834E6627}.Debug|Any CPU.Build.0 = Debug|Any CPU
		{90CE85A0-08AF-46CD-9FAD-52A0834E6627}.Release|Any CPU.ActiveCfg = Release|Any CPU
		{90CE85A0-08AF-46CD-9FAD-52A0834E6627}.Release|Any CPU.Build.0 = Release|Any CPU
		{E719482F-EEC1-4C3D-933D-8DB91669A71C}.Debug|Any CPU.ActiveCfg = Debug|Any CPU
		{E719482F-EEC1-4C3D-933D-8DB91669A71C}.Debug|Any CPU.Build.0 = Debug|Any CPU
		{E719482F-EEC1-4C3D-933D-8DB91669A71C}.Release|Any CPU.ActiveCfg = Release|Any CPU
		{E719482F-EEC1-4C3D-933D-8DB91669A71C}.Release|Any CPU.Build.0 = Release|Any CPU
		{E58BD594-7F4A-4E9C-8E0F-6248A3A102B6}.Debug|Any CPU.ActiveCfg = Debug|Any CPU
		{E58BD594-7F4A-4E9C-8E0F-6248A3A102B6}.Debug|Any CPU.Build.0 = Debug|Any CPU
		{E58BD594-7F4A-4E9C-8E0F-6248A3A102B6}.Release|Any CPU.ActiveCfg = Release|Any CPU
		{E58BD594-7F4A-4E9C-8E0F-6248A3A102B6}.Release|Any CPU.Build.0 = Release|Any CPU
		{E0B512C4-10DF-4431-B0F7-A48F91446AC3}.Debug|Any CPU.ActiveCfg = Debug|Any CPU
		{E0B512C4-10DF-4431-B0F7-A48F91446AC3}.Debug|Any CPU.Build.0 = Debug|Any CPU
		{E0B512C4-10DF-4431-B0F7-A48F91446AC3}.Release|Any CPU.ActiveCfg = Release|Any CPU
		{E0B512C4-10DF-4431-B0F7-A48F91446AC3}.Release|Any CPU.Build.0 = Release|Any CPU
		{0603837D-C2CF-4F97-8981-C5E2E0A38836}.Debug|Any CPU.ActiveCfg = Debug|Any CPU
		{0603837D-C2CF-4F97-8981-C5E2E0A38836}.Debug|Any CPU.Build.0 = Debug|Any CPU
		{0603837D-C2CF-4F97-8981-C5E2E0A38836}.Release|Any CPU.ActiveCfg = Release|Any CPU
		{0603837D-C2CF-4F97-8981-C5E2E0A38836}.Release|Any CPU.Build.0 = Release|Any CPU
		{75047E96-BFF8-4FE0-9CC9-E68A47661EE6}.Debug|Any CPU.ActiveCfg = Debug|Any CPU
		{75047E96-BFF8-4FE0-9CC9-E68A47661EE6}.Debug|Any CPU.Build.0 = Debug|Any CPU
		{75047E96-BFF8-4FE0-9CC9-E68A47661EE6}.Release|Any CPU.ActiveCfg = Release|Any CPU
		{75047E96-BFF8-4FE0-9CC9-E68A47661EE6}.Release|Any CPU.Build.0 = Release|Any CPU
		{FEA5894D-B9F8-45DD-9B8B-0F77AFE7903F}.Debug|Any CPU.ActiveCfg = Debug|Any CPU
		{FEA5894D-B9F8-45DD-9B8B-0F77AFE7903F}.Debug|Any CPU.Build.0 = Debug|Any CPU
		{FEA5894D-B9F8-45DD-9B8B-0F77AFE7903F}.Release|Any CPU.ActiveCfg = Release|Any CPU
		{FEA5894D-B9F8-45DD-9B8B-0F77AFE7903F}.Release|Any CPU.Build.0 = Release|Any CPU
		{483140E3-E7EF-4DCC-8CF1-9C4DC9004B6F}.Debug|Any CPU.ActiveCfg = Debug|Any CPU
		{483140E3-E7EF-4DCC-8CF1-9C4DC9004B6F}.Debug|Any CPU.Build.0 = Debug|Any CPU
		{483140E3-E7EF-4DCC-8CF1-9C4DC9004B6F}.Release|Any CPU.ActiveCfg = Release|Any CPU
		{483140E3-E7EF-4DCC-8CF1-9C4DC9004B6F}.Release|Any CPU.Build.0 = Release|Any CPU
		{0EC84C81-24B7-42C2-B3AA-9AB19CF0C0A9}.Debug|Any CPU.ActiveCfg = Debug|Any CPU
		{0EC84C81-24B7-42C2-B3AA-9AB19CF0C0A9}.Debug|Any CPU.Build.0 = Debug|Any CPU
		{0EC84C81-24B7-42C2-B3AA-9AB19CF0C0A9}.Release|Any CPU.ActiveCfg = Release|Any CPU
		{0EC84C81-24B7-42C2-B3AA-9AB19CF0C0A9}.Release|Any CPU.Build.0 = Release|Any CPU
		{5309D288-228B-4EE5-A1E3-9856B4033199}.Debug|Any CPU.ActiveCfg = Debug|Any CPU
		{5309D288-228B-4EE5-A1E3-9856B4033199}.Debug|Any CPU.Build.0 = Debug|Any CPU
		{5309D288-228B-4EE5-A1E3-9856B4033199}.Release|Any CPU.ActiveCfg = Release|Any CPU
		{5309D288-228B-4EE5-A1E3-9856B4033199}.Release|Any CPU.Build.0 = Release|Any CPU
		{024E0C8B-E778-4AAC-A221-21F46419A973}.Debug|Any CPU.ActiveCfg = Debug|Any CPU
		{024E0C8B-E778-4AAC-A221-21F46419A973}.Debug|Any CPU.Build.0 = Debug|Any CPU
		{024E0C8B-E778-4AAC-A221-21F46419A973}.Release|Any CPU.ActiveCfg = Release|Any CPU
		{024E0C8B-E778-4AAC-A221-21F46419A973}.Release|Any CPU.Build.0 = Release|Any CPU
		{E8E90769-8A4E-4999-A62A-97A8B13A9C1C}.Debug|Any CPU.ActiveCfg = Debug|Any CPU
		{E8E90769-8A4E-4999-A62A-97A8B13A9C1C}.Debug|Any CPU.Build.0 = Debug|Any CPU
		{E8E90769-8A4E-4999-A62A-97A8B13A9C1C}.Release|Any CPU.ActiveCfg = Release|Any CPU
		{E8E90769-8A4E-4999-A62A-97A8B13A9C1C}.Release|Any CPU.Build.0 = Release|Any CPU
	EndGlobalSection
	GlobalSection(SolutionProperties) = preSolution
		HideSolutionNode = FALSE
	EndGlobalSection
	GlobalSection(NestedProjects) = preSolution
		{2A86FEA0-000E-4C4C-B539-67F8CDE6A22E} = {D0AEE334-68D5-4E7F-B86B-D04D7CCEB746}
		{525880E0-BF2B-48AB-993E-AB99CBEE8AA3} = {D0AEE334-68D5-4E7F-B86B-D04D7CCEB746}
		{90CE85A0-08AF-46CD-9FAD-52A0834E6627} = {D19AD646-21EA-47B6-A16A-9BDEDB9EBF6E}
		{E719482F-EEC1-4C3D-933D-8DB91669A71C} = {FEA38B6B-6DE8-4902-987A-F66406E62286}
		{E58BD594-7F4A-4E9C-8E0F-6248A3A102B6} = {FEA38B6B-6DE8-4902-987A-F66406E62286}
		{E0B512C4-10DF-4431-B0F7-A48F91446AC3} = {FEA38B6B-6DE8-4902-987A-F66406E62286}
		{0603837D-C2CF-4F97-8981-C5E2E0A38836} = {FEA38B6B-6DE8-4902-987A-F66406E62286}
		{75047E96-BFF8-4FE0-9CC9-E68A47661EE6} = {FEA38B6B-6DE8-4902-987A-F66406E62286}
		{FEA5894D-B9F8-45DD-9B8B-0F77AFE7903F} = {D0AEE334-68D5-4E7F-B86B-D04D7CCEB746}
		{483140E3-E7EF-4DCC-8CF1-9C4DC9004B6F} = {FEA38B6B-6DE8-4902-987A-F66406E62286}
		{0EC84C81-24B7-42C2-B3AA-9AB19CF0C0A9} = {D19AD646-21EA-47B6-A16A-9BDEDB9EBF6E}
		{5309D288-228B-4EE5-A1E3-9856B4033199} = {ECACE68B-2E1A-4711-8C11-A37553FD4B5B}
		{024E0C8B-E778-4AAC-A221-21F46419A973} = {ECACE68B-2E1A-4711-8C11-A37553FD4B5B}
		{E8E90769-8A4E-4999-A62A-97A8B13A9C1C} = {ECACE68B-2E1A-4711-8C11-A37553FD4B5B}
	EndGlobalSection
EndGlobal
